<?xml version="1.0" encoding="utf-8"?>
<Project ToolsVersion="4.0" xmlns="http://schemas.microsoft.com/developer/msbuild/2003">
  <ItemGroup>
    <Filter Include="src">
      <UniqueIdentifier>{2DAB880B-99B4-887C-2230-9F7C8E38947C}</UniqueIdentifier>
    </Filter>
    <Filter Include="src\ECS">
      <UniqueIdentifier>{F76D2FA9-634D-AE44-6C65-391BD8C314A6}</UniqueIdentifier>
    </Filter>
    <Filter Include="src\Engine">
      <UniqueIdentifier>{12A1320E-FE58-745B-6760-4DB753370F4C}</UniqueIdentifier>
    </Filter>
    <Filter Include="src\Engine\SingletonClass">
      <UniqueIdentifier>{EA53BE88-5616-F212-9FC6-809F0BC8CAF0}</UniqueIdentifier>
    </Filter>
  </ItemGroup>
  <ItemGroup>
    <ClInclude Include="src\ECS\AnimationSystem.h">
      <Filter>src\ECS</Filter>
    </ClInclude>
    <ClInclude Include="src\ECS\CameraSystem.h">
      <Filter>src\ECS</Filter>
    </ClInclude>
    <ClInclude Include="src\ECS\ComponentSystem.h">
      <Filter>src\ECS</Filter>
    </ClInclude>
    <ClInclude Include="src\ECS\Components.h">
      <Filter>src\ECS</Filter>
    </ClInclude>
    <ClInclude Include="src\ECS\InputSystem.h">
      <Filter>src\ECS</Filter>
    </ClInclude>
    <ClInclude Include="src\ECS\RenderSystem.h">
      <Filter>src\ECS</Filter>
    </ClInclude>
    <ClInclude Include="src\ECS\SoundSystem.h">
      <Filter>src\ECS</Filter>
    </ClInclude>
    <ClInclude Include="src\ECS\System.h">
      <Filter>src\ECS</Filter>
    </ClInclude>
    <ClInclude Include="src\ECS\entt.hpp">
      <Filter>src\ECS</Filter>
    </ClInclude>
    <ClInclude Include="src\Engine\DataTypes.h">
      <Filter>src\Engine</Filter>
    </ClInclude>
    <ClInclude Include="src\Engine\DllMacro.h">
      <Filter>src\Engine</Filter>
    </ClInclude>
    <ClInclude Include="src\Engine\EntryPoint.h">
      <Filter>src\Engine</Filter>
    </ClInclude>
    <ClInclude Include="src\Engine\FbxLoader.h">
      <Filter>src\Engine</Filter>
    </ClInclude>
    <ClInclude Include="src\Engine\FbxOutData.h">
      <Filter>src\Engine</Filter>
    </ClInclude>
    <ClInclude Include="src\Engine\Log.h">
      <Filter>src\Engine</Filter>
    </ClInclude>
    <ClInclude Include="src\Engine\Scene.h">
      <Filter>src\Engine</Filter>
    </ClInclude>
    <ClInclude Include="src\Engine\Shader.h">
      <Filter>src\Engine</Filter>
    </ClInclude>
    <ClInclude Include="src\Engine\SingletonClass\DX11App.h">
      <Filter>src\Engine\SingletonClass</Filter>
    </ClInclude>
    <ClInclude Include="src\Engine\SingletonClass\Engine.h">
      <Filter>src\Engine\SingletonClass</Filter>
    </ClInclude>
    <ClInclude Include="src\Engine\SingletonClass\GUIMgr.h">
      <Filter>src\Engine\SingletonClass</Filter>
    </ClInclude>
    <ClInclude Include="src\Engine\SingletonClass\InputMgr.h">
      <Filter>src\Engine\SingletonClass</Filter>
    </ClInclude>
    <ClInclude Include="src\Engine\SingletonClass\ResourceMgr.h">
      <Filter>src\Engine\SingletonClass</Filter>
    </ClInclude>
    <ClInclude Include="src\Engine\SingletonClass\TimeMgr.h">
      <Filter>src\Engine\SingletonClass</Filter>
    </ClInclude>
    <ClInclude Include="src\Engine\Texture.h">
      <Filter>src\Engine</Filter>
    </ClInclude>
    <ClInclude Include="src\Engine\common.h">
      <Filter>src\Engine</Filter>
    </ClInclude>
    <ClInclude Include="src\Engine_include.h">
      <Filter>src</Filter>
    </ClInclude>
    <ClInclude Include="src\Engine\Texture.h" />
      <Filter>src</Filter>
    </ClInclude>
    <ClInclude Include="src\Engine\SingletonClass\FmodMgr.h">
      <Filter>src\Engine\SingletonClass</Filter>
    </ClInclude>
    <ClInclude Include="src\ECS\ComponentSystem.h" />
  </ItemGroup>
  <ItemGroup>
    <ClCompile Include="src\ECS\AnimationSystem.cpp">
      <Filter>src\ECS</Filter>
    </ClCompile>
    <ClCompile Include="src\ECS\CameraSystem.cpp">
      <Filter>src\ECS</Filter>
    </ClCompile>
    <ClCompile Include="src\ECS\ComponentSystem.cpp">
      <Filter>src\ECS</Filter>
    </ClCompile>
    <ClCompile Include="src\ECS\InputSystem.cpp">
      <Filter>src\ECS</Filter>
    </ClCompile>
    <ClCompile Include="src\ECS\RenderSystem.cpp">
      <Filter>src\ECS</Filter>
    </ClCompile>
    <ClCompile Include="src\ECS\SoundSystem.cpp">
      <Filter>src\ECS</Filter>
    </ClCompile>
    <ClCompile Include="src\ECS\System.cpp">
      <Filter>src\ECS</Filter>
    </ClCompile>
    <ClCompile Include="src\Engine\FbxLoader.cpp">
      <Filter>src\Engine</Filter>
    </ClCompile>
    <ClCompile Include="src\Engine\FbxOutData.cpp">
      <Filter>src\Engine</Filter>
    </ClCompile>
    <ClCompile Include="src\Engine\Log.cpp">
      <Filter>src\Engine</Filter>
    </ClCompile>
    <ClCompile Include="src\Engine\Scene.cpp">
      <Filter>src\Engine</Filter>
    </ClCompile>
    <ClCompile Include="src\Engine\Shader.cpp">
      <Filter>src\Engine</Filter>
    </ClCompile>
    <ClCompile Include="src\Engine\SingletonClass\DX11App.cpp">
      <Filter>src\Engine\SingletonClass</Filter>
    </ClCompile>
    <ClCompile Include="src\Engine\SingletonClass\Engine.cpp">
      <Filter>src\Engine\SingletonClass</Filter>
    </ClCompile>
    <ClCompile Include="src\Engine\SingletonClass\GUIMgr.cpp">
      <Filter>src\Engine\SingletonClass</Filter>
    </ClCompile>
    <ClCompile Include="src\Engine\SingletonClass\InputMgr.cpp">
      <Filter>src\Engine\SingletonClass</Filter>
    </ClCompile>
    <ClCompile Include="src\Engine\SingletonClass\ResourceMgr.cpp">
      <Filter>src\Engine\SingletonClass</Filter>
    </ClCompile>
    <ClCompile Include="src\Engine\SingletonClass\TimeMgr.cpp">
      <Filter>src\Engine\SingletonClass</Filter>
    </ClCompile>
    <ClCompile Include="src\Engine\SingletonClass\ResourceMgr.cpp" />
    <ClCompile Include="src\Engine\Texture.cpp" />
    <ClCompile Include="src\Engine\SingletonClass\FmodMgr.cpp">
      <Filter>src\Engine\SingletonClass</Filter>
    <ClCompile Include="src\ECS\ComponentSystem.cpp" />
    <ClCompile Include="src\Engine\Texture.cpp">
      <Filter>src\Engine</Filter>
    </ClCompile>
    <ClCompile Include="src\Engine\Actor.cpp" />
    <ClCompile Include="src\ECS\TransformSystem.cpp" />
  </ItemGroup>
  <ItemGroup>
    <None Include="..\premake5.lua" />
  </ItemGroup>
</Project>